{
    "_meta": {
        "hash": {
            "sha256": "597100e7919cf4b07fc2bae8e51867d5552b1d0ca2494d89ef986ad82af6c40c"
        },
        "pipfile-spec": 6,
        "requires": {
            "python_full_version": "3.12.1",
            "python_version": "3.12"
        },
        "sources": [
            {
                "name": "pypi",
                "url": "https://pypi.org/simple",
                "verify_ssl": true
            }
        ]
    },
    "default": {
        "build": {
            "hashes": [
                "sha256:538aab1b64f9828977f84bc63ae570b060a8ed1be419e7870b8b4fc5e6ea553b",
                "sha256:589bf99a67df7c9cf07ec0ac0e5e2ea5d4b37ac63301c4986d1acb126aa83f8f"
            ],
            "index": "pypi",
            "markers": "python_version >= '3.7'",
            "version": "==1.0.3"
        },
        "click": {
            "hashes": [
                "sha256:ae74fb96c20a0277a1d615f1e4d73c8414f5a98db8b799a7931d1582f3390c28",
                "sha256:ca9853ad459e787e2192211578cc907e7594e294c7ccc834310722b41b9ca6de"
            ],
            "markers": "python_version >= '3.7'",
            "version": "==8.1.7"
        },
        "iniconfig": {
            "hashes": [
                "sha256:2d91e135bf72d31a410b17c16da610a82cb55f6b0477d1a902134b24a455b8b3",
                "sha256:b6a85871a79d2e3b22d2d1b94ac2824226a63c6b741c88f7ae975f18b6778374"
            ],
            "markers": "python_version >= '3.7'",
            "version": "==2.0.0"
        },
        "joblib": {
            "hashes": [
                "sha256:92f865e621e17784e7955080b6d042489e3b8e294949cc44c6eac304f59772b1",
                "sha256:ef4331c65f239985f3f2220ecc87db222f08fd22097a3dd5698f693875f8cbb9"
            ],
            "markers": "python_version >= '3.7'",
            "version": "==1.3.2"
        },
        "memory-profiler": {
            "hashes": [
                "sha256:400348e61031e3942ad4d4109d18753b2fb08c2f6fb8290671c5513a34182d84",
                "sha256:4e5b73d7864a1d1292fb76a03e82a3e78ef934d06828a698d9dada76da2067b0"
            ],
            "index": "pypi",
            "markers": "python_version >= '3.5'",
            "version": "==0.61.0"
        },
        "nltk": {
            "hashes": [
                "sha256:1834da3d0682cba4f2cede2f9aad6b0fafb6461ba451db0efb6f9c39798d64d3",
                "sha256:fd5c9109f976fa86bcadba8f91e47f5e9293bd034474752e92a520f81c93dda5"
            ],
            "index": "pypi",
            "markers": "python_version >= '3.7'",
            "version": "==3.8.1"
        },
        "numpy": {
            "hashes": [
                "sha256:02f98011ba4ab17f46f80f7f8f1c291ee7d855fcef0a5a98db80767a468c85cd",
                "sha256:0b7e807d6888da0db6e7e75838444d62495e2b588b99e90dd80c3459594e857b",
                "sha256:12c70ac274b32bc00c7f61b515126c9205323703abb99cd41836e8125ea0043e",
                "sha256:1666f634cb3c80ccbd77ec97bc17337718f56d6658acf5d3b906ca03e90ce87f",
                "sha256:18c3319a7d39b2c6a9e3bb75aab2304ab79a811ac0168a671a62e6346c29b03f",
                "sha256:211ddd1e94817ed2d175b60b6374120244a4dd2287f4ece45d49228b4d529178",
                "sha256:21a9484e75ad018974a2fdaa216524d64ed4212e418e0a551a2d83403b0531d3",
                "sha256:39763aee6dfdd4878032361b30b2b12593fb445ddb66bbac802e2113eb8a6ac4",
                "sha256:3c67423b3703f8fbd90f5adaa37f85b5794d3366948efe9a5190a5f3a83fc34e",
                "sha256:46f47ee566d98849323f01b349d58f2557f02167ee301e5e28809a8c0e27a2d0",
                "sha256:51c7f1b344f302067b02e0f5b5d2daa9ed4a721cf49f070280ac202738ea7f00",
                "sha256:5f24750ef94d56ce6e33e4019a8a4d68cfdb1ef661a52cdaee628a56d2437419",
                "sha256:697df43e2b6310ecc9d95f05d5ef20eacc09c7c4ecc9da3f235d39e71b7da1e4",
                "sha256:6d45b3ec2faed4baca41c76617fcdcfa4f684ff7a151ce6fc78ad3b6e85af0a6",
                "sha256:77810ef29e0fb1d289d225cabb9ee6cf4d11978a00bb99f7f8ec2132a84e0166",
                "sha256:7ca4f24341df071877849eb2034948459ce3a07915c2734f1abb4018d9c49d7b",
                "sha256:7f784e13e598e9594750b2ef6729bcd5a47f6cfe4a12cca13def35e06d8163e3",
                "sha256:806dd64230dbbfaca8a27faa64e2f414bf1c6622ab78cc4264f7f5f028fee3bf",
                "sha256:867e3644e208c8922a3be26fc6bbf112a035f50f0a86497f98f228c50c607bb2",
                "sha256:8c66d6fec467e8c0f975818c1796d25c53521124b7cfb760114be0abad53a0a2",
                "sha256:8ed07a90f5450d99dad60d3799f9c03c6566709bd53b497eb9ccad9a55867f36",
                "sha256:9bc6d1a7f8cedd519c4b7b1156d98e051b726bf160715b769106661d567b3f03",
                "sha256:9e1591f6ae98bcfac2a4bbf9221c0b92ab49762228f38287f6eeb5f3f55905ce",
                "sha256:9e87562b91f68dd8b1c39149d0323b42e0082db7ddb8e934ab4c292094d575d6",
                "sha256:a7081fd19a6d573e1a05e600c82a1c421011db7935ed0d5c483e9dd96b99cf13",
                "sha256:a8474703bffc65ca15853d5fd4d06b18138ae90c17c8d12169968e998e448bb5",
                "sha256:af36e0aa45e25c9f57bf684b1175e59ea05d9a7d3e8e87b7ae1a1da246f2767e",
                "sha256:b1240f767f69d7c4c8a29adde2310b871153df9b26b5cb2b54a561ac85146485",
                "sha256:b4d362e17bcb0011738c2d83e0a65ea8ce627057b2fdda37678f4374a382a137",
                "sha256:b831295e5472954104ecb46cd98c08b98b49c69fdb7040483aff799a755a7374",
                "sha256:b8c275f0ae90069496068c714387b4a0eba5d531aace269559ff2b43655edd58",
                "sha256:bdd2b45bf079d9ad90377048e2747a0c82351989a2165821f0c96831b4a2a54b",
                "sha256:cc0743f0302b94f397a4a65a660d4cd24267439eb16493fb3caad2e4389bccbb",
                "sha256:da4b0c6c699a0ad73c810736303f7fbae483bcb012e38d7eb06a5e3b432c981b",
                "sha256:f25e2811a9c932e43943a2615e65fc487a0b6b49218899e62e426e7f0a57eeda",
                "sha256:f73497e8c38295aaa4741bdfa4fda1a5aedda5473074369eca10626835445511"
            ],
            "markers": "python_version >= '3.9'",
            "version": "==1.26.3"
        },
        "packaging": {
            "hashes": [
                "sha256:048fb0e9405036518eaaf48a55953c750c11e1a1b68e0dd1a9d62ed0c092cfc5",
                "sha256:8c491190033a9af7e1d931d0b5dacc2ef47509b34dd0de67ed209b5203fc88c7"
            ],
            "markers": "python_version >= '3.7'",
            "version": "==23.2"
        },
        "pandas": {
            "hashes": [
                "sha256:00028e6737c594feac3c2df15636d73ace46b8314d236100b57ed7e4b9ebe8d9",
                "sha256:0aa6e92e639da0d6e2017d9ccff563222f4eb31e4b2c3cf32a2a392fc3103c0d",
                "sha256:1ebfd771110b50055712b3b711b51bee5d50135429364d0498e1213a7adc2be8",
                "sha256:294d96cfaf28d688f30c918a765ea2ae2e0e71d3536754f4b6de0ea4a496d034",
                "sha256:3f06bda01a143020bad20f7a85dd5f4a1600112145f126bc9e3e42077c24ef34",
                "sha256:426dc0f1b187523c4db06f96fb5c8d1a845e259c99bda74f7de97bd8a3bb3139",
                "sha256:45d63d2a9b1b37fa6c84a68ba2422dc9ed018bdaa668c7f47566a01188ceeec1",
                "sha256:482d5076e1791777e1571f2e2d789e940dedd927325cc3cb6d0800c6304082f6",
                "sha256:6b728fb8deba8905b319f96447a27033969f3ea1fea09d07d296c9030ab2ed1d",
                "sha256:8a706cfe7955c4ca59af8c7a0517370eafbd98593155b48f10f9811da440248b",
                "sha256:8ea107e0be2aba1da619cc6ba3f999b2bfc9669a83554b1904ce3dd9507f0860",
                "sha256:ab5796839eb1fd62a39eec2916d3e979ec3130509930fea17fe6f81e18108f6a",
                "sha256:b0513a132a15977b4a5b89aabd304647919bc2169eac4c8536afb29c07c23540",
                "sha256:b7d852d16c270e4331f6f59b3e9aa23f935f5c4b0ed2d0bc77637a8890a5d092",
                "sha256:bd7d5f2f54f78164b3d7a40f33bf79a74cdee72c31affec86bfcabe7e0789821",
                "sha256:bdec823dc6ec53f7a6339a0e34c68b144a7a1fd28d80c260534c39c62c5bf8c9",
                "sha256:d2d3e7b00f703aea3945995ee63375c61b2e6aa5aa7871c5d622870e5e137623",
                "sha256:d65148b14788b3758daf57bf42725caa536575da2b64df9964c563b015230984",
                "sha256:d797591b6846b9db79e65dc2d0d48e61f7db8d10b2a9480b4e3faaddc421a171",
                "sha256:dc9bf7ade01143cddc0074aa6995edd05323974e6e40d9dbde081021ded8510e",
                "sha256:e9f17f2b6fc076b2a0078862547595d66244db0f41bf79fc5f64a5c4d635bead",
                "sha256:edbaf9e8d3a63a9276d707b4d25930a262341bca9874fcb22eff5e3da5394732",
                "sha256:f237e6ca6421265643608813ce9793610ad09b40154a3344a088159590469e46",
                "sha256:f69b0c9bb174a2342818d3e2778584e18c740d56857fc5cdb944ec8bbe4082cf",
                "sha256:fcb68203c833cc735321512e13861358079a96c174a61f5116a1de89c58c0ef7"
            ],
            "index": "pypi",
            "markers": "python_version >= '3.9'",
            "version": "==2.1.4"
        },
        "pluggy": {
            "hashes": [
                "sha256:cf61ae8f126ac6f7c451172cf30e3e43d3ca77615509771b3a984a0730651e12",
                "sha256:d89c696a773f8bd377d18e5ecda92b7a3793cbe66c87060a6fb58c7b6e1061f7"
            ],
            "markers": "python_version >= '3.8'",
            "version": "==1.3.0"
        },
        "psutil": {
            "hashes": [
                "sha256:032f4f2c909818c86cea4fe2cc407f1c0f0cde8e6c6d702b28b8ce0c0d143340",
                "sha256:0bd41bf2d1463dfa535942b2a8f0e958acf6607ac0be52265ab31f7923bcd5e6",
                "sha256:1132704b876e58d277168cd729d64750633d5ff0183acf5b3c986b8466cd0284",
                "sha256:1d4bc4a0148fdd7fd8f38e0498639ae128e64538faa507df25a20f8f7fb2341c",
                "sha256:3c4747a3e2ead1589e647e64aad601981f01b68f9398ddf94d01e3dc0d1e57c7",
                "sha256:3f02134e82cfb5d089fddf20bb2e03fd5cd52395321d1c8458a9e58500ff417c",
                "sha256:44969859757f4d8f2a9bd5b76eba8c3099a2c8cf3992ff62144061e39ba8568e",
                "sha256:4c03362e280d06bbbfcd52f29acd79c733e0af33d707c54255d21029b8b32ba6",
                "sha256:5794944462509e49d4d458f4dbfb92c47539e7d8d15c796f141f474010084056",
                "sha256:b27f8fdb190c8c03914f908a4555159327d7481dac2f01008d483137ef3311a9",
                "sha256:c727ca5a9b2dd5193b8644b9f0c883d54f1248310023b5ad3e92036c5e2ada68",
                "sha256:e469990e28f1ad738f65a42dcfc17adaed9d0f325d55047593cb9033a0ab63df",
                "sha256:ea36cc62e69a13ec52b2f625c27527f6e4479bca2b340b7a452af55b34fcbe2e",
                "sha256:f37f87e4d73b79e6c5e749440c3113b81d1ee7d26f21c19c47371ddea834f414",
                "sha256:fe361f743cb3389b8efda21980d93eb55c1f1e3898269bc9a2a1d0bb7b1f6508",
                "sha256:fe8b7f07948f1304497ce4f4684881250cd859b16d06a1dc4d7941eeb6233bfe"
            ],
            "index": "pypi",
            "markers": "python_version >= '2.7' and python_version not in '3.0, 3.1, 3.2, 3.3, 3.4, 3.5'",
            "version": "==5.9.7"
        },
        "pyproject-hooks": {
            "hashes": [
                "sha256:283c11acd6b928d2f6a7c73fa0d01cb2bdc5f07c57a2eeb6e83d5e56b97976f8",
                "sha256:f271b298b97f5955d53fb12b72c1fb1948c22c1a6b70b315c54cedaca0264ef5"
            ],
            "markers": "python_version >= '3.7'",
            "version": "==1.0.0"
        },
        "pytest": {
            "hashes": [
                "sha256:2cf0005922c6ace4a3e2ec8b4080eb0d9753fdc93107415332f50ce9e7994280",
                "sha256:b090cdf5ed60bf4c45261be03239c2c1c22df034fbffe691abe93cd80cea01d8"
            ],
            "index": "pypi",
            "markers": "python_version >= '3.7'",
            "version": "==7.4.4"
        },
        "python-dateutil": {
            "hashes": [
                "sha256:0123cacc1627ae19ddf3c27a5de5bd67ee4586fbdd6440d9748f8abb483d3e86",
                "sha256:961d03dc3453ebbc59dbdea9e4e11c5651520a876d0f4db161e8674aae935da9"
            ],
            "markers": "python_version >= '2.7' and python_version not in '3.0, 3.1, 3.2, 3.3'",
            "version": "==2.8.2"
        },
        "pytz": {
            "hashes": [
                "sha256:7b4fddbeb94a1eba4b557da24f19fdf9db575192544270a9101d8509f9f43d7b",
                "sha256:ce42d816b81b68506614c11e8937d3aa9e41007ceb50bfdcb0749b921bf646c7"
            ],
            "version": "==2023.3.post1"
        },
        "rapidfuzz": {
            "hashes": [
                "sha256:01835d02acd5d95c1071e1da1bb27fe213c84a013b899aba96380ca9962364bc",
                "sha256:01eb03cd880a294d1bf1a583fdd00b87169b9cc9c9f52587411506658c864d73",
                "sha256:03f73b381bdeccb331a12c3c60f1e41943931461cdb52987f2ecf46bfc22f50d",
                "sha256:0402f1629e91a4b2e4aee68043a30191e5e1b7cd2aa8dacf50b1a1bcf6b7d3ab",
                "sha256:060bd7277dc794279fa95522af355034a29c90b42adcb7aa1da358fc839cdb11",
                "sha256:064c1d66c40b3a0f488db1f319a6e75616b2e5fe5430a59f93a9a5e40a656d15",
                "sha256:06e98ff000e2619e7cfe552d086815671ed09b6899408c2c1b5103658261f6f3",
                "sha256:08b6fb47dd889c69fbc0b915d782aaed43e025df6979b6b7f92084ba55edd526",
                "sha256:0a9fc714b8c290261669f22808913aad49553b686115ad0ee999d1cb3df0cd66",
                "sha256:0bbfae35ce4de4c574b386c43c78a0be176eeddfdae148cb2136f4605bebab89",
                "sha256:12ff8eaf4a9399eb2bebd838f16e2d1ded0955230283b07376d68947bbc2d33d",
                "sha256:1936d134b6c513fbe934aeb668b0fee1ffd4729a3c9d8d373f3e404fbb0ce8a0",
                "sha256:1c47d592e447738744905c18dda47ed155620204714e6df20eb1941bb1ba315e",
                "sha256:1dfc557c0454ad22382373ec1b7df530b4bbd974335efe97a04caec936f2956a",
                "sha256:1e12319c6b304cd4c32d5db00b7a1e36bdc66179c44c5707f6faa5a889a317c0",
                "sha256:23de71e7f05518b0bbeef55d67b5dbce3bcd3e2c81e7e533051a2e9401354eb0",
                "sha256:266dd630f12696ea7119f31d8b8e4959ef45ee2cbedae54417d71ae6f47b9848",
                "sha256:2963f4a3f763870a16ee076796be31a4a0958fbae133dbc43fc55c3968564cf5",
                "sha256:2a791168e119cfddf4b5a40470620c872812042f0621e6a293983a2d52372db0",
                "sha256:2b155e67fff215c09f130555002e42f7517d0ea72cbd58050abb83cb7c880cec",
                "sha256:2b19795b26b979c845dba407fe79d66975d520947b74a8ab6cee1d22686f7967",
                "sha256:2e03038bfa66d2d7cffa05d81c2f18fd6acbb25e7e3c068d52bb7469e07ff382",
                "sha256:3028ee8ecc48250607fa8a0adce37b56275ec3b1acaccd84aee1f68487c8557b",
                "sha256:35660bee3ce1204872574fa041c7ad7ec5175b3053a4cb6e181463fc07013de7",
                "sha256:3c772d04fb0ebeece3109d91f6122b1503023086a9591a0b63d6ee7326bd73d9",
                "sha256:3c84294f4470fcabd7830795d754d808133329e0a81d62fcc2e65886164be83b",
                "sha256:40cced1a8852652813f30fb5d4b8f9b237112a0bbaeebb0f4cc3611502556764",
                "sha256:4243a9c35667a349788461aae6471efde8d8800175b7db5148a6ab929628047f",
                "sha256:42f211e366e026de110a4246801d43a907cd1a10948082f47e8a4e6da76fef52",
                "sha256:4381023fa1ff32fd5076f5d8321249a9aa62128eb3f21d7ee6a55373e672b261",
                "sha256:484759b5dbc5559e76fefaa9170147d1254468f555fd9649aea3bad46162a88b",
                "sha256:49b9ed2472394d306d5dc967a7de48b0aab599016aa4477127b20c2ed982dbf9",
                "sha256:53251e256017e2b87f7000aee0353ba42392c442ae0bafd0f6b948593d3f68c6",
                "sha256:588c4b20fa2fae79d60a4e438cf7133d6773915df3cc0a7f1351da19eb90f720",
                "sha256:5a2f3e9df346145c2be94e4d9eeffb82fab0cbfee85bd4a06810e834fe7c03fa",
                "sha256:5d82b9651e3d34b23e4e8e201ecd3477c2baa17b638979deeabbb585bcb8ba74",
                "sha256:5dd95b6b7bfb1584f806db89e1e0c8dbb9d25a30a4683880c195cc7f197eaf0c",
                "sha256:692c9a50bea7a8537442834f9bc6b7d29d8729a5b6379df17c31b6ab4df948c2",
                "sha256:6b0ccc2ec1781c7e5370d96aef0573dd1f97335343e4982bdb3a44c133e27786",
                "sha256:6dede83a6b903e3ebcd7e8137e7ff46907ce9316e9d7e7f917d7e7cdc570ee05",
                "sha256:7142ee354e9c06e29a2636b9bbcb592bb00600a88f02aa5e70e4f230347b373e",
                "sha256:7183157edf0c982c0b8592686535c8b3e107f13904b36d85219c77be5cefd0d8",
                "sha256:7420e801b00dee4a344ae2ee10e837d603461eb180e41d063699fb7efe08faf0",
                "sha256:757dfd7392ec6346bd004f8826afb3bf01d18a723c97cbe9958c733ab1a51791",
                "sha256:76c23ceaea27e790ddd35ef88b84cf9d721806ca366199a76fd47cfc0457a81b",
                "sha256:7fec74c234d3097612ea80f2a80c60720eec34947066d33d34dc07a3092e8105",
                "sha256:82300e5f8945d601c2daaaac139d5524d7c1fdf719aa799a9439927739917460",
                "sha256:841eafba6913c4dfd53045835545ba01a41e9644e60920c65b89c8f7e60c00a9",
                "sha256:8d7a072f10ee57c8413c8ab9593086d42aaff6ee65df4aa6663eecdb7c398dca",
                "sha256:8e4da90e4c2b444d0a171d7444ea10152e07e95972bb40b834a13bdd6de1110c",
                "sha256:96cd19934f76a1264e8ecfed9d9f5291fde04ecb667faef5f33bdbfd95fe2d1f",
                "sha256:a03863714fa6936f90caa7b4b50ea59ea32bb498cc91f74dc25485b3f8fccfe9",
                "sha256:a1788ebb5f5b655a15777e654ea433d198f593230277e74d51a2a1e29a986283",
                "sha256:a3ee4f8f076aa92184e80308fc1a079ac356b99c39408fa422bbd00145be9854",
                "sha256:a490cd645ef9d8524090551016f05f052e416c8adb2d8b85d35c9baa9d0428ab",
                "sha256:a553cc1a80d97459d587529cc43a4c7c5ecf835f572b671107692fe9eddf3e24",
                "sha256:a59472b43879012b90989603aa5a6937a869a72723b1bf2ff1a0d1edee2cc8e6",
                "sha256:ac434fc71edda30d45db4a92ba5e7a42c7405e1a54cb4ec01d03cc668c6dcd40",
                "sha256:ad9d74ef7c619b5b0577e909582a1928d93e07d271af18ba43e428dc3512c2a1",
                "sha256:ae598a172e3a95df3383634589660d6b170cc1336fe7578115c584a99e0ba64d",
                "sha256:b2ef4c0fd3256e357b70591ffb9e8ed1d439fb1f481ba03016e751a55261d7c1",
                "sha256:b3e5af946f419c30f5cb98b69d40997fe8580efe78fc83c2f0f25b60d0e56efb",
                "sha256:b53137d81e770c82189e07a8f32722d9e4260f13a0aec9914029206ead38cac3",
                "sha256:b7e3375e4f2bfec77f907680328e4cd16cc64e137c84b1886d547ab340ba6928",
                "sha256:bcc957c0a8bde8007f1a8a413a632a1a409890f31f73fe764ef4eac55f59ca87",
                "sha256:be156f51f3a4f369e758505ed4ae64ea88900dcb2f89d5aabb5752676d3f3d7e",
                "sha256:be368573255f8fbb0125a78330a1a40c65e9ba3c5ad129a426ff4289099bfb41",
                "sha256:c1a23eee225dfb21c07f25c9fcf23eb055d0056b48e740fe241cbb4b22284379",
                "sha256:c65f92881753aa1098c77818e2b04a95048f30edbe9c3094dc3707d67df4598b",
                "sha256:ca3dfcf74f2b6962f411c33dd95b0adf3901266e770da6281bc96bb5a8b20de9",
                "sha256:cd4ba4c18b149da11e7f1b3584813159f189dc20833709de5f3df8b1342a9759",
                "sha256:d056e342989248d2bdd67f1955bb7c3b0ecfa239d8f67a8dfe6477b30872c607",
                "sha256:d2f0274595cc5b2b929c80d4e71b35041104b577e118cf789b3fe0a77b37a4c5",
                "sha256:d73dcfe789d37c6c8b108bf1e203e027714a239e50ad55572ced3c004424ed3b",
                "sha256:d79aec8aeee02ab55d0ddb33cea3ecd7b69813a48e423c966a26d7aab025cdfe",
                "sha256:da3e8c9f7e64bb17faefda085ff6862ecb3ad8b79b0f618a6cf4452028aa2222",
                "sha256:dad55a514868dae4543ca48c4e1fc0fac704ead038dafedf8f1fc0cc263746c1",
                "sha256:dec307b57ec2d5054d77d03ee4f654afcd2c18aee00c48014cb70bfed79597d6",
                "sha256:e06c4242a1354cf9d48ee01f6f4e6e19c511d50bb1e8d7d20bcadbb83a2aea90",
                "sha256:e19d519386e9db4a5335a4b29f25b8183a1c3f78cecb4c9c3112e7f86470e37f",
                "sha256:e49b9575d16c56c696bc7b06a06bf0c3d4ef01e89137b3ddd4e2ce709af9fe06",
                "sha256:ebcfb5bfd0a733514352cfc94224faad8791e576a80ffe2fd40b2177bf0e7198",
                "sha256:ed0f712e0bb5fea327e92aec8a937afd07ba8de4c529735d82e4c4124c10d5a0",
                "sha256:edf97c321fd641fea2793abce0e48fa4f91f3c202092672f8b5b4e781960b891",
                "sha256:eef8b346ab331bec12bbc83ac75641249e6167fab3d84d8f5ca37fd8e6c7a08c",
                "sha256:f056ba42fd2f32e06b2c2ba2443594873cfccc0c90c8b6327904fc2ddf6d5799",
                "sha256:f382f7ffe384ce34345e1c0b2065451267d3453cadde78946fbd99a59f0cc23c",
                "sha256:f59d19078cc332dbdf3b7b210852ba1f5db8c0a2cd8cc4c0ed84cc00c76e6802",
                "sha256:fbc07e2e4ac696497c5f66ec35c21ddab3fc7a406640bffed64c26ab2f7ce6d6",
                "sha256:fde9b14302a31af7bdafbf5cfbb100201ba21519be2b9dedcf4f1048e4fbe65d"
            ],
            "index": "pypi",
            "markers": "python_version >= '3.8'",
            "version": "==3.6.1"
        },
        "regex": {
            "hashes": [
                "sha256:0694219a1d54336fd0445ea382d49d36882415c0134ee1e8332afd1529f0baa5",
                "sha256:086dd15e9435b393ae06f96ab69ab2d333f5d65cbe65ca5a3ef0ec9564dfe770",
                "sha256:094ba386bb5c01e54e14434d4caabf6583334090865b23ef58e0424a6286d3dc",
                "sha256:09da66917262d9481c719599116c7dc0c321ffcec4b1f510c4f8a066f8768105",
                "sha256:0ecf44ddf9171cd7566ef1768047f6e66975788258b1c6c6ca78098b95cf9a3d",
                "sha256:0fda75704357805eb953a3ee15a2b240694a9a514548cd49b3c5124b4e2ad01b",
                "sha256:11a963f8e25ab5c61348d090bf1b07f1953929c13bd2309a0662e9ff680763c9",
                "sha256:150c39f5b964e4d7dba46a7962a088fbc91f06e606f023ce57bb347a3b2d4630",
                "sha256:1b9d811f72210fa9306aeb88385b8f8bcef0dfbf3873410413c00aa94c56c2b6",
                "sha256:1e0eabac536b4cc7f57a5f3d095bfa557860ab912f25965e08fe1545e2ed8b4c",
                "sha256:22a86d9fff2009302c440b9d799ef2fe322416d2d58fc124b926aa89365ec482",
                "sha256:22f3470f7524b6da61e2020672df2f3063676aff444db1daa283c2ea4ed259d6",
                "sha256:263ef5cc10979837f243950637fffb06e8daed7f1ac1e39d5910fd29929e489a",
                "sha256:283fc8eed679758de38fe493b7d7d84a198b558942b03f017b1f94dda8efae80",
                "sha256:29171aa128da69afdf4bde412d5bedc335f2ca8fcfe4489038577d05f16181e5",
                "sha256:298dc6354d414bc921581be85695d18912bea163a8b23cac9a2562bbcd5088b1",
                "sha256:2aae8101919e8aa05ecfe6322b278f41ce2994c4a430303c4cd163fef746e04f",
                "sha256:2f4e475a80ecbd15896a976aa0b386c5525d0ed34d5c600b6d3ebac0a67c7ddf",
                "sha256:34e4af5b27232f68042aa40a91c3b9bb4da0eeb31b7632e0091afc4310afe6cb",
                "sha256:37f8e93a81fc5e5bd8db7e10e62dc64261bcd88f8d7e6640aaebe9bc180d9ce2",
                "sha256:3a17d3ede18f9cedcbe23d2daa8a2cd6f59fe2bf082c567e43083bba3fb00347",
                "sha256:3b1de218d5375cd6ac4b5493e0b9f3df2be331e86520f23382f216c137913d20",
                "sha256:43f7cd5754d02a56ae4ebb91b33461dc67be8e3e0153f593c509e21d219c5060",
                "sha256:4558410b7a5607a645e9804a3e9dd509af12fb72b9825b13791a37cd417d73a5",
                "sha256:4719bb05094d7d8563a450cf8738d2e1061420f79cfcc1fa7f0a44744c4d8f73",
                "sha256:4bfc2b16e3ba8850e0e262467275dd4d62f0d045e0e9eda2bc65078c0110a11f",
                "sha256:518440c991f514331f4850a63560321f833979d145d7d81186dbe2f19e27ae3d",
                "sha256:51f4b32f793812714fd5307222a7f77e739b9bc566dc94a18126aba3b92b98a3",
                "sha256:531ac6cf22b53e0696f8e1d56ce2396311254eb806111ddd3922c9d937151dae",
                "sha256:5cd05d0f57846d8ba4b71d9c00f6f37d6b97d5e5ef8b3c3840426a475c8f70f4",
                "sha256:5dd58946bce44b53b06d94aa95560d0b243eb2fe64227cba50017a8d8b3cd3e2",
                "sha256:60080bb3d8617d96f0fb7e19796384cc2467447ef1c491694850ebd3670bc457",
                "sha256:636ba0a77de609d6510235b7f0e77ec494d2657108f777e8765efc060094c98c",
                "sha256:67d3ccfc590e5e7197750fcb3a2915b416a53e2de847a728cfa60141054123d4",
                "sha256:68191f80a9bad283432385961d9efe09d783bcd36ed35a60fb1ff3f1ec2efe87",
                "sha256:7502534e55c7c36c0978c91ba6f61703faf7ce733715ca48f499d3dbbd7657e0",
                "sha256:7aa47c2e9ea33a4a2a05f40fcd3ea36d73853a2aae7b4feab6fc85f8bf2c9704",
                "sha256:7d2af3f6b8419661a0c421584cfe8aaec1c0e435ce7e47ee2a97e344b98f794f",
                "sha256:7e316026cc1095f2a3e8cc012822c99f413b702eaa2ca5408a513609488cb62f",
                "sha256:88ad44e220e22b63b0f8f81f007e8abbb92874d8ced66f32571ef8beb0643b2b",
                "sha256:88d1f7bef20c721359d8675f7d9f8e414ec5003d8f642fdfd8087777ff7f94b5",
                "sha256:89723d2112697feaa320c9d351e5f5e7b841e83f8b143dba8e2d2b5f04e10923",
                "sha256:8a0ccf52bb37d1a700375a6b395bff5dd15c50acb745f7db30415bae3c2b0715",
                "sha256:8c2c19dae8a3eb0ea45a8448356ed561be843b13cbc34b840922ddf565498c1c",
                "sha256:905466ad1702ed4acfd67a902af50b8db1feeb9781436372261808df7a2a7bca",
                "sha256:9852b76ab558e45b20bf1893b59af64a28bd3820b0c2efc80e0a70a4a3ea51c1",
                "sha256:98a2636994f943b871786c9e82bfe7883ecdaba2ef5df54e1450fa9869d1f756",
                "sha256:9aa1a67bbf0f957bbe096375887b2505f5d8ae16bf04488e8b0f334c36e31360",
                "sha256:9eda5f7a50141291beda3edd00abc2d4a5b16c29c92daf8d5bd76934150f3edc",
                "sha256:a6d1047952c0b8104a1d371f88f4ab62e6275567d4458c1e26e9627ad489b445",
                "sha256:a9b6d73353f777630626f403b0652055ebfe8ff142a44ec2cf18ae470395766e",
                "sha256:a9cc99d6946d750eb75827cb53c4371b8b0fe89c733a94b1573c9dd16ea6c9e4",
                "sha256:ad83e7545b4ab69216cef4cc47e344d19622e28aabec61574b20257c65466d6a",
                "sha256:b014333bd0217ad3d54c143de9d4b9a3ca1c5a29a6d0d554952ea071cff0f1f8",
                "sha256:b43523d7bc2abd757119dbfb38af91b5735eea45537ec6ec3a5ec3f9562a1c53",
                "sha256:b521dcecebc5b978b447f0f69b5b7f3840eac454862270406a39837ffae4e697",
                "sha256:b77e27b79448e34c2c51c09836033056a0547aa360c45eeeb67803da7b0eedaf",
                "sha256:b7a635871143661feccce3979e1727c4e094f2bdfd3ec4b90dfd4f16f571a87a",
                "sha256:b7fca9205b59c1a3d5031f7e64ed627a1074730a51c2a80e97653e3e9fa0d415",
                "sha256:ba1b30765a55acf15dce3f364e4928b80858fa8f979ad41f862358939bdd1f2f",
                "sha256:ba99d8077424501b9616b43a2d208095746fb1284fc5ba490139651f971d39d9",
                "sha256:c25a8ad70e716f96e13a637802813f65d8a6760ef48672aa3502f4c24ea8b400",
                "sha256:c3c4a78615b7762740531c27cf46e2f388d8d727d0c0c739e72048beb26c8a9d",
                "sha256:c40281f7d70baf6e0db0c2f7472b31609f5bc2748fe7275ea65a0b4601d9b392",
                "sha256:c7ad32824b7f02bb3c9f80306d405a1d9b7bb89362d68b3c5a9be53836caebdb",
                "sha256:cb3fe77aec8f1995611f966d0c656fdce398317f850d0e6e7aebdfe61f40e1cd",
                "sha256:cc038b2d8b1470364b1888a98fd22d616fba2b6309c5b5f181ad4483e0017861",
                "sha256:cc37b9aeebab425f11f27e5e9e6cf580be7206c6582a64467a14dda211abc232",
                "sha256:cc6bb9aa69aacf0f6032c307da718f61a40cf970849e471254e0e91c56ffca95",
                "sha256:d126361607b33c4eb7b36debc173bf25d7805847346dd4d99b5499e1fef52bc7",
                "sha256:d15b274f9e15b1a0b7a45d2ac86d1f634d983ca40d6b886721626c47a400bf39",
                "sha256:d166eafc19f4718df38887b2bbe1467a4f74a9830e8605089ea7a30dd4da8887",
                "sha256:d498eea3f581fbe1b34b59c697512a8baef88212f92e4c7830fcc1499f5b45a5",
                "sha256:d6f7e255e5fa94642a0724e35406e6cb7001c09d476ab5fce002f652b36d0c39",
                "sha256:d78bd484930c1da2b9679290a41cdb25cc127d783768a0369d6b449e72f88beb",
                "sha256:d865984b3f71f6d0af64d0d88f5733521698f6c16f445bb09ce746c92c97c586",
                "sha256:d902a43085a308cef32c0d3aea962524b725403fd9373dea18110904003bac97",
                "sha256:d94a1db462d5690ebf6ae86d11c5e420042b9898af5dcf278bd97d6bda065423",
                "sha256:da695d75ac97cb1cd725adac136d25ca687da4536154cdc2815f576e4da11c69",
                "sha256:db2a0b1857f18b11e3b0e54ddfefc96af46b0896fb678c85f63fb8c37518b3e7",
                "sha256:df26481f0c7a3f8739fecb3e81bc9da3fcfae34d6c094563b9d4670b047312e1",
                "sha256:e14b73607d6231f3cc4622809c196b540a6a44e903bcfad940779c80dffa7be7",
                "sha256:e2610e9406d3b0073636a3a2e80db05a02f0c3169b5632022b4e81c0364bcda5",
                "sha256:e692296c4cc2873967771345a876bcfc1c547e8dd695c6b89342488b0ea55cd8",
                "sha256:e693e233ac92ba83a87024e1d32b5f9ab15ca55ddd916d878146f4e3406b5c91",
                "sha256:e81469f7d01efed9b53740aedd26085f20d49da65f9c1f41e822a33992cb1590",
                "sha256:e8c7e08bb566de4faaf11984af13f6bcf6a08f327b13631d41d62592681d24fe",
                "sha256:ed19b3a05ae0c97dd8f75a5d8f21f7723a8c33bbc555da6bbe1f96c470139d3c",
                "sha256:efb2d82f33b2212898f1659fb1c2e9ac30493ac41e4d53123da374c3b5541e64",
                "sha256:f44dd4d68697559d007462b0a3a1d9acd61d97072b71f6d1968daef26bc744bd",
                "sha256:f72cbae7f6b01591f90814250e636065850c5926751af02bb48da94dfced7baa",
                "sha256:f7bc09bc9c29ebead055bcba136a67378f03d66bf359e87d0f7c759d6d4ffa31",
                "sha256:ff100b203092af77d1a5a7abe085b3506b7eaaf9abf65b73b7d6905b6cb76988"
            ],
            "markers": "python_version >= '3.7'",
            "version": "==2023.12.25"
        },
        "scikit-learn": {
            "hashes": [
                "sha256:0402638c9a7c219ee52c94cbebc8fcb5eb9fe9c773717965c1f4185588ad3107",
                "sha256:0ee107923a623b9f517754ea2f69ea3b62fc898a3641766cb7deb2f2ce450161",
                "sha256:1215e5e58e9880b554b01187b8c9390bf4dc4692eedeaf542d3273f4785e342c",
                "sha256:15e1e94cc23d04d39da797ee34236ce2375ddea158b10bee3c343647d615581d",
                "sha256:18424efee518a1cde7b0b53a422cde2f6625197de6af36da0b57ec502f126157",
                "sha256:1d08ada33e955c54355d909b9c06a4789a729977f165b8bae6f225ff0a60ec4a",
                "sha256:3271552a5eb16f208a6f7f617b8cc6d1f137b52c8a1ef8edf547db0259b2c9fb",
                "sha256:35a22e8015048c628ad099da9df5ab3004cdbf81edc75b396fd0cff8699ac58c",
                "sha256:535805c2a01ccb40ca4ab7d081d771aea67e535153e35a1fd99418fcedd1648a",
                "sha256:5b2de18d86f630d68fe1f87af690d451388bb186480afc719e5f770590c2ef6c",
                "sha256:61a6efd384258789aa89415a410dcdb39a50e19d3d8410bd29be365bcdd512d5",
                "sha256:64381066f8aa63c2710e6b56edc9f0894cc7bf59bd71b8ce5613a4559b6145e0",
                "sha256:67f37d708f042a9b8d59551cf94d30431e01374e00dc2645fa186059c6c5d78b",
                "sha256:6c43290337f7a4b969d207e620658372ba3c1ffb611f8bc2b6f031dc5c6d1d03",
                "sha256:6fb6bc98f234fda43163ddbe36df8bcde1d13ee176c6dc9b92bb7d3fc842eb66",
                "sha256:763f0ae4b79b0ff9cca0bf3716bcc9915bdacff3cebea15ec79652d1cc4fa5c9",
                "sha256:785a2213086b7b1abf037aeadbbd6d67159feb3e30263434139c98425e3dcfcf",
                "sha256:8db94cd8a2e038b37a80a04df8783e09caac77cbe052146432e67800e430c028",
                "sha256:a19f90f95ba93c1a7f7924906d0576a84da7f3b2282ac3bfb7a08a32801add93",
                "sha256:a2f54c76accc15a34bfb9066e6c7a56c1e7235dda5762b990792330b52ccfb05",
                "sha256:b8692e395a03a60cd927125eef3a8e3424d86dde9b2370d544f0ea35f78a8073",
                "sha256:cb06f8dce3f5ddc5dee1715a9b9f19f20d295bed8e3cd4fa51e1d050347de525",
                "sha256:dc9002fc200bed597d5d34e90c752b74df516d592db162f756cc52836b38fe0e",
                "sha256:e326c0eb5cf4d6ba40f93776a20e9a7a69524c4db0757e7ce24ba222471ee8a1",
                "sha256:ed932ea780517b00dae7431e031faae6b49b20eb6950918eb83bd043237950e0",
                "sha256:fc4144a5004a676d5022b798d9e573b05139e77f271253a4703eed295bde0433"
            ],
            "index": "pypi",
            "markers": "python_version >= '3.8'",
            "version": "==1.3.2"
        },
        "scipy": {
            "hashes": [
                "sha256:00150c5eae7b610c32589dda259eacc7c4f1665aedf25d921907f4d08a951b1c",
                "sha256:028eccd22e654b3ea01ee63705681ee79933652b2d8f873e7949898dda6d11b6",
                "sha256:1b7c3dca977f30a739e0409fb001056484661cb2541a01aba0bb0029f7b68db8",
                "sha256:2c6ff6ef9cc27f9b3db93a6f8b38f97387e6e0591600369a297a50a8e96e835d",
                "sha256:36750b7733d960d7994888f0d148d31ea3017ac15eef664194b4ef68d36a4a97",
                "sha256:530f9ad26440e85766509dbf78edcfe13ffd0ab7fec2560ee5c36ff74d6269ff",
                "sha256:5e347b14fe01003d3b78e196e84bd3f48ffe4c8a7b8a1afbcb8f5505cb710993",
                "sha256:6550466fbeec7453d7465e74d4f4b19f905642c89a7525571ee91dd7adabb5a3",
                "sha256:6df1468153a31cf55ed5ed39647279beb9cfb5d3f84369453b49e4b8502394fd",
                "sha256:6e619aba2df228a9b34718efb023966da781e89dd3d21637b27f2e54db0410d7",
                "sha256:8fce70f39076a5aa62e92e69a7f62349f9574d8405c0a5de6ed3ef72de07f446",
                "sha256:90a2b78e7f5733b9de748f589f09225013685f9b218275257f8a8168ededaeaa",
                "sha256:91af76a68eeae0064887a48e25c4e616fa519fa0d38602eda7e0f97d65d57937",
                "sha256:933baf588daa8dc9a92c20a0be32f56d43faf3d1a60ab11b3f08c356430f6e56",
                "sha256:acf8ed278cc03f5aff035e69cb511741e0418681d25fbbb86ca65429c4f4d9cd",
                "sha256:ad669df80528aeca5f557712102538f4f37e503f0c5b9541655016dd0932ca79",
                "sha256:b030c6674b9230d37c5c60ab456e2cf12f6784596d15ce8da9365e70896effc4",
                "sha256:b9999c008ccf00e8fbcce1236f85ade5c569d13144f77a1946bef8863e8f6eb4",
                "sha256:bc9a714581f561af0848e6b69947fda0614915f072dfd14142ed1bfe1b806710",
                "sha256:ce7fff2e23ab2cc81ff452a9444c215c28e6305f396b2ba88343a567feec9660",
                "sha256:cf00bd2b1b0211888d4dc75656c0412213a8b25e80d73898083f402b50f47e41",
                "sha256:d10e45a6c50211fe256da61a11c34927c68f277e03138777bdebedd933712fea",
                "sha256:ee410e6de8f88fd5cf6eadd73c135020bfbbbdfcd0f6162c36a7638a1ea8cc65",
                "sha256:f313b39a7e94f296025e3cffc2c567618174c0b1dde173960cf23808f9fae4be",
                "sha256:f3cd9e7b3c2c1ec26364856f9fbe78695fe631150f94cd1c22228456404cf1ec"
            ],
            "markers": "python_version >= '3.9'",
            "version": "==1.11.4"
        },
        "six": {
            "hashes": [
                "sha256:1e61c37477a1626458e36f7b1d82aa5c9b094fa4802892072e49de9c60c4c926",
                "sha256:8abb2f1d86890a2dfb989f9a77cfcfd3e47c2a354b01111771326f8aa26e0254"
            ],
            "markers": "python_version >= '2.7' and python_version not in '3.0, 3.1, 3.2, 3.3'",
            "version": "==1.16.0"
        },
        "threadpoolctl": {
            "hashes": [
                "sha256:2b7818516e423bdaebb97c723f86a7c6b0a83d3f3b0970328d66f4d9104dc032",
                "sha256:c96a0ba3bdddeaca37dc4cc7344aafad41cdb8c313f74fdfe387a867bba93355"
            ],
            "markers": "python_version >= '3.8'",
            "version": "==3.2.0"
        },
        "tqdm": {
            "hashes": [
                "sha256:d302b3c5b53d47bce91fea46679d9c3c6508cf6332229aa1e7d8653723793386",
                "sha256:d88e651f9db8d8551a62556d3cff9e3034274ca5d66e93197cf2490e2dcb69c7"
            ],
            "markers": "python_version >= '3.7'",
            "version": "==4.66.1"
        },
        "tzdata": {
            "hashes": [
                "sha256:aa3ace4329eeacda5b7beb7ea08ece826c28d761cda36e747cfbf97996d39bf3",
                "sha256:dd54c94f294765522c77399649b4fefd95522479a664a0cec87f41bebc6148c9"
            ],
            "markers": "python_version >= '2'",
            "version": "==2023.4"
        }
    },
    "develop": {}
}
